
Microsoft Visual Studio Solution File, Format Version 12.00
# Visual Studio Version 16
VisualStudioVersion = 16.0.30907.101
MinimumVisualStudioVersion = 10.0.40219.1
Project("{9A19103F-16F7-4668-BE54-9A1E7A4F7556}") = "DataAccess", "DataAccess\DataAccess.csproj", "{4E08315A-FC6E-4276-B1E2-F978B823C5BE}"
EndProject
Project("{9A19103F-16F7-4668-BE54-9A1E7A4F7556}") = "Business", "Business\Business.csproj", "{2E81FD2D-9E2A-4A5A-A5B7-C0CF8747E882}"
EndProject
Project("{9A19103F-16F7-4668-BE54-9A1E7A4F7556}") = "Entities", "Entities\Entities.csproj", "{6EBC52D8-1E34-4FD3-9BE5-C96F68668977}"
EndProject
Project("{9A19103F-16F7-4668-BE54-9A1E7A4F7556}") = "ConsoleUI", "ConsoleUI\ConsoleUI.csproj", "{629F286C-061D-45BD-A534-3AFD94C54EB6}"
EndProject
Project("{9A19103F-16F7-4668-BE54-9A1E7A4F7556}") = "Core", "Core\Core.csproj", "{1B93BF85-0588-4AB1-99A8-ECBBE8EE658F}"
EndProject
Project("{FAE04EC0-301F-11D3-BF4B-00C04F79EFBC}") = "WebAPI", "WebAPI\WebAPI.csproj", "{4089FF2C-316B-4A6D-BF97-A5D9E73395A5}"
EndProject
Global
	GlobalSection(SolutionConfigurationPlatforms) = preSolution
		Debug|Any CPU = Debug|Any CPU
		Release|Any CPU = Release|Any CPU
	EndGlobalSection
	GlobalSection(ProjectConfigurationPlatforms) = postSolution
		{4E08315A-FC6E-4276-B1E2-F978B823C5BE}.Debug|Any CPU.ActiveCfg = Debug|Any CPU
		{4E08315A-FC6E-4276-B1E2-F978B823C5BE}.Debug|Any CPU.Build.0 = Debug|Any CPU
		{4E08315A-FC6E-4276-B1E2-F978B823C5BE}.Release|Any CPU.ActiveCfg = Release|Any CPU
		{4E08315A-FC6E-4276-B1E2-F978B823C5BE}.Release|Any CPU.Build.0 = Release|Any CPU
		{2E81FD2D-9E2A-4A5A-A5B7-C0CF8747E882}.Debug|Any CPU.ActiveCfg = Debug|Any CPU
		{2E81FD2D-9E2A-4A5A-A5B7-C0CF8747E882}.Debug|Any CPU.Build.0 = Debug|Any CPU
		{2E81FD2D-9E2A-4A5A-A5B7-C0CF8747E882}.Release|Any CPU.ActiveCfg = Release|Any CPU
		{2E81FD2D-9E2A-4A5A-A5B7-C0CF8747E882}.Release|Any CPU.Build.0 = Release|Any CPU
		{6EBC52D8-1E34-4FD3-9BE5-C96F68668977}.Debug|Any CPU.ActiveCfg = Debug|Any CPU
		{6EBC52D8-1E34-4FD3-9BE5-C96F68668977}.Debug|Any CPU.Build.0 = Debug|Any CPU
		{6EBC52D8-1E34-4FD3-9BE5-C96F68668977}.Release|Any CPU.ActiveCfg = Release|Any CPU
		{6EBC52D8-1E34-4FD3-9BE5-C96F68668977}.Release|Any CPU.Build.0 = Release|Any CPU
		{629F286C-061D-45BD-A534-3AFD94C54EB6}.Debug|Any CPU.ActiveCfg = Debug|Any CPU
		{629F286C-061D-45BD-A534-3AFD94C54EB6}.Debug|Any CPU.Build.0 = Debug|Any CPU
		{629F286C-061D-45BD-A534-3AFD94C54EB6}.Release|Any CPU.ActiveCfg = Release|Any CPU
		{629F286C-061D-45BD-A534-3AFD94C54EB6}.Release|Any CPU.Build.0 = Release|Any CPU
		{1B93BF85-0588-4AB1-99A8-ECBBE8EE658F}.Debug|Any CPU.ActiveCfg = Debug|Any CPU
		{1B93BF85-0588-4AB1-99A8-ECBBE8EE658F}.Debug|Any CPU.Build.0 = Debug|Any CPU
		{1B93BF85-0588-4AB1-99A8-ECBBE8EE658F}.Release|Any CPU.ActiveCfg = Release|Any CPU
		{1B93BF85-0588-4AB1-99A8-ECBBE8EE658F}.Release|Any CPU.Build.0 = Release|Any CPU
		{4089FF2C-316B-4A6D-BF97-A5D9E73395A5}.Debug|Any CPU.ActiveCfg = Debug|Any CPU
		{4089FF2C-316B-4A6D-BF97-A5D9E73395A5}.Debug|Any CPU.Build.0 = Debug|Any CPU
		{4089FF2C-316B-4A6D-BF97-A5D9E73395A5}.Release|Any CPU.ActiveCfg = Release|Any CPU
		{4089FF2C-316B-4A6D-BF97-A5D9E73395A5}.Release|Any CPU.Build.0 = Release|Any CPU
	EndGlobalSection
	GlobalSection(SolutionProperties) = preSolution
		HideSolutionNode = FALSE
	EndGlobalSection
	GlobalSection(ExtensibilityGlobals) = postSolution
		SolutionGuid = {4C9A6A8E-0261-4181-8DA8-F4267459B675}
	EndGlobalSection
EndGlobal
